
Microsoft Visual Studio Solution File, Format Version 12.00
# Visual Studio 2012
Project("{FAE04EC0-301F-11D3-BF4B-00C04F79EFBC}") = "RegExpose", "RegExpose\RegExpose.csproj", "{9AE6D09D-71B5-4AD9-B6D4-E36AC4F8F55B}"
EndProject
Project("{FAE04EC0-301F-11D3-BF4B-00C04F79EFBC}") = "RegExpose.Tests", "RegExpose.Tests\RegExpose.Tests.csproj", "{2502C356-AE9A-400B-BEE0-03A2C4E885CE}"
EndProject
Project("{FAE04EC0-301F-11D3-BF4B-00C04F79EFBC}") = "RegExpose.UI", "RegExpose.UI\RegExpose.UI.csproj", "{C6D47B19-68B3-4234-AB62-F3A627C8A432}"
EndProject
Project("{2150E333-8FDC-42A3-9474-1A3956D46DE8}") = ".nuget", ".nuget", "{81C86C4E-F2BF-41A3-930C-8ED04C81B516}"
	ProjectSection(SolutionItems) = preProject
		.nuget\NuGet.Config = .nuget\NuGet.Config
		.nuget\NuGet.exe = .nuget\NuGet.exe
		.nuget\NuGet.targets = .nuget\NuGet.targets
	EndProjectSection
EndProject
Project("{FAE04EC0-301F-11D3-BF4B-00C04F79EFBC}") = "RegExpose.Web", "RegExpose.Web\RegExpose.Web.csproj", "{B4840716-A220-4371-A479-5C562BC31231}"
EndProject
Global
	GlobalSection(SolutionConfigurationPlatforms) = preSolution
		Debug|Any CPU = Debug|Any CPU
		Release|Any CPU = Release|Any CPU
	EndGlobalSection
	GlobalSection(ProjectConfigurationPlatforms) = postSolution
		{9AE6D09D-71B5-4AD9-B6D4-E36AC4F8F55B}.Debug|Any CPU.ActiveCfg = Debug|Any CPU
		{9AE6D09D-71B5-4AD9-B6D4-E36AC4F8F55B}.Debug|Any CPU.Build.0 = Debug|Any CPU
		{9AE6D09D-71B5-4AD9-B6D4-E36AC4F8F55B}.Release|Any CPU.ActiveCfg = Release|Any CPU
		{9AE6D09D-71B5-4AD9-B6D4-E36AC4F8F55B}.Release|Any CPU.Build.0 = Release|Any CPU
		{2502C356-AE9A-400B-BEE0-03A2C4E885CE}.Debug|Any CPU.ActiveCfg = Debug|Any CPU
		{2502C356-AE9A-400B-BEE0-03A2C4E885CE}.Debug|Any CPU.Build.0 = Debug|Any CPU
		{2502C356-AE9A-400B-BEE0-03A2C4E885CE}.Release|Any CPU.ActiveCfg = Release|Any CPU
		{2502C356-AE9A-400B-BEE0-03A2C4E885CE}.Release|Any CPU.Build.0 = Release|Any CPU
		{C6D47B19-68B3-4234-AB62-F3A627C8A432}.Debug|Any CPU.ActiveCfg = Debug|Any CPU
		{C6D47B19-68B3-4234-AB62-F3A627C8A432}.Debug|Any CPU.Build.0 = Debug|Any CPU
		{C6D47B19-68B3-4234-AB62-F3A627C8A432}.Release|Any CPU.ActiveCfg = Release|Any CPU
		{C6D47B19-68B3-4234-AB62-F3A627C8A432}.Release|Any CPU.Build.0 = Release|Any CPU
		{B4840716-A220-4371-A479-5C562BC31231}.Debug|Any CPU.ActiveCfg = Debug|Any CPU
		{B4840716-A220-4371-A479-5C562BC31231}.Debug|Any CPU.Build.0 = Debug|Any CPU
		{B4840716-A220-4371-A479-5C562BC31231}.Release|Any CPU.ActiveCfg = Release|Any CPU
		{B4840716-A220-4371-A479-5C562BC31231}.Release|Any CPU.Build.0 = Release|Any CPU
	EndGlobalSection
	GlobalSection(SolutionProperties) = preSolution
		HideSolutionNode = FALSE
	EndGlobalSection
EndGlobal
